<Solution>
    <Folder Name="/examples/">
        <Project Path="examples/Folio/Folio.csproj" />
    </Folder>
    <Folder Name="/src/" >
        <Project Path="src/Agape/Agape.csproj" />
    </Folder>
    <Folder Name="/tests/">
        <Project Path="tests/Agape.Tests/Agape.Tests.csproj" />
    </Folder>
</Solution>
